{
  "name": "wish",
  "version": "1.0.0",
  "lockfileVersion": 1,
  "requires": true,
  "dependencies": {
    "@fancyapps/fancybox": {
      "version": "3.4.2",
      "resolved": "https://registry.npmjs.org/@fancyapps/fancybox/-/fancybox-3.4.2.tgz",
      "integrity": "sha512-WtGCY6LP43LvqQWWOjvxjcHQomBn/f3+vPw0zCcNpnoJ7j6ptOCuJ/aP5gqTqmcyB7qFVL2AxDjtr7CO8uu7bg=="
    },
    "fancybox": {
      "version": "3.0.1",
      "resolved": "https://registry.npmjs.org/fancybox/-/fancybox-3.0.1.tgz",
      "integrity": "sha512-HZ57O6j5Zk4Uvusd5pNUgWi7CCjKx+HFlCzjMPeRJ//0bQWUK+xVpkn3EzXWJate4ZSKNFP9kU2l49MP1g+oow=="
    },
    "fullpage.js": {
      "version": "3.0.2",
      "resolved": "https://registry.npmjs.org/fullpage.js/-/fullpage.js-3.0.2.tgz",
      "integrity": "sha512-re3Xx/GMdbCKmLSt52ns+w9mcynX0lXvZ7gq9SxLqQ/tqNVI2JRlF0nIxiI4/F+k+zfF+Pu30hlQfp7CG5CPuQ=="
    },
    "gsap": {
      "version": "2.0.2",
      "resolved": "https://registry.npmjs.org/gsap/-/gsap-2.0.2.tgz",
      "integrity": "sha512-WyT0uuDNb+5xMccx4SsVcI1CwvIL0BPgP8TyJJmMWT/btGXUNtKesnkXFMMshYs37renFhDo1P5NEoizeonviQ=="
    },
    "jquery": {
      "version": "3.3.1",
      "resolved": "https://registry.npmjs.org/jquery/-/jquery-3.3.1.tgz",
      "integrity": "sha512-Ubldcmxp5np52/ENotGxlLe6aGMvmF4R8S6tZjsP6Knsaxd/xp3Zrh50cG93lR6nPXyUFwzN3ZSOQI0wRJNdGg=="
    },
    "scrollmagic": {
      "version": "2.0.5",
      "resolved": "https://registry.npmjs.org/scrollmagic/-/scrollmagic-2.0.5.tgz",
      "integrity": "sha1-rXWXNBx2+x9KW+wSlooJIjvQjdk="
    },
    "slick-carousel": {
      "version": "1.8.1",
      "resolved": "https://registry.npmjs.org/slick-carousel/-/slick-carousel-1.8.1.tgz",
      "integrity": "sha512-XB9Ftrf2EEKfzoQXt3Nitrt/IPbT+f1fgqBdoxO3W/+JYvtEOW6EgxnWfr9GH6nmULv7Y2tPmEX3koxThVmebA=="
    }
  }
}
